# This file is automatically @generated by Cargo.
# It is not intended for manual editing.
version = 4

[[package]]
name = "capability-graph"
version = "0.1.0"
dependencies = [
 "graph-core",
]

[[package]]
name = "execution-stream"
version = "0.1.0"
dependencies = [
 "graph-core",
]

[[package]]
name = "graph-core"
version = "0.1.0"

[[package]]
name = "graph-lab"
version = "0.1.0"
dependencies = [
 "capability-graph",
 "execution-stream",
 "graph-core",
 "workflow-graph",
]

[[package]]
name = "workflow-graph"
version = "0.1.0"
dependencies = [
 "graph-core",
]
